
Microsoft Visual Studio Solution File, Format Version 12.00
# Visual Studio Version 17
VisualStudioVersion = 17.5.33530.505
MinimumVisualStudioVersion = 10.0.40219.1
Project("{9A19103F-16F7-4668-BE54-9A1E7A4F7556}") = "TraingleProject", "TraingleProject\TraingleProject.csproj", "{C53B6ED7-0D75-4ED8-998E-C5BC65F42478}"
EndProject
Project("{9A19103F-16F7-4668-BE54-9A1E7A4F7556}") = "TraingleAppUnitTestProject", "TraingleAppUnitTestProject\TraingleAppUnitTestProject.csproj", "{69AB1335-0FB9-4E37-A69E-13C47E0FDC81}"
EndProject
Project("{FAE04EC0-301F-11D3-BF4B-00C04F79EFBC}") = "TraingleWebAPI", "TraingleWebAPI\TraingleWebAPI.csproj", "{3782899B-D002-412F-9CD8-18E351494DFA}"
EndProject
Global
	GlobalSection(SolutionConfigurationPlatforms) = preSolution
		Debug|Any CPU = Debug|Any CPU
		Release|Any CPU = Release|Any CPU
	EndGlobalSection
	GlobalSection(ProjectConfigurationPlatforms) = postSolution
		{C53B6ED7-0D75-4ED8-998E-C5BC65F42478}.Debug|Any CPU.ActiveCfg = Debug|Any CPU
		{C53B6ED7-0D75-4ED8-998E-C5BC65F42478}.Debug|Any CPU.Build.0 = Debug|Any CPU
		{C53B6ED7-0D75-4ED8-998E-C5BC65F42478}.Release|Any CPU.ActiveCfg = Release|Any CPU
		{C53B6ED7-0D75-4ED8-998E-C5BC65F42478}.Release|Any CPU.Build.0 = Release|Any CPU
		{69AB1335-0FB9-4E37-A69E-13C47E0FDC81}.Debug|Any CPU.ActiveCfg = Debug|Any CPU
		{69AB1335-0FB9-4E37-A69E-13C47E0FDC81}.Debug|Any CPU.Build.0 = Debug|Any CPU
		{69AB1335-0FB9-4E37-A69E-13C47E0FDC81}.Release|Any CPU.ActiveCfg = Release|Any CPU
		{69AB1335-0FB9-4E37-A69E-13C47E0FDC81}.Release|Any CPU.Build.0 = Release|Any CPU
		{3782899B-D002-412F-9CD8-18E351494DFA}.Debug|Any CPU.ActiveCfg = Debug|Any CPU
		{3782899B-D002-412F-9CD8-18E351494DFA}.Debug|Any CPU.Build.0 = Debug|Any CPU
		{3782899B-D002-412F-9CD8-18E351494DFA}.Release|Any CPU.ActiveCfg = Release|Any CPU
		{3782899B-D002-412F-9CD8-18E351494DFA}.Release|Any CPU.Build.0 = Release|Any CPU
	EndGlobalSection
	GlobalSection(SolutionProperties) = preSolution
		HideSolutionNode = FALSE
	EndGlobalSection
	GlobalSection(ExtensibilityGlobals) = postSolution
		SolutionGuid = {AF85B40F-1965-422F-BE16-FB7E6369F695}
	EndGlobalSection
EndGlobal
